// !$*UTF8*$!
{
	archiveVersion = 1;
	classes = {
	};
	objectVersion = 55;
	objects = {

/* Begin PBXBuildFile section */
		CEC4F36F272803A8002FD96F /* XcodeCloudeTestsApp.swift in Sources */ = {isa = PBXBuildFile; fileRef = CEC4F36E272803A8002FD96F /* XcodeCloudeTestsApp.swift */; };
		CEC4F371272803A8002FD96F /* ContentView.swift in Sources */ = {isa = PBXBuildFile; fileRef = CEC4F370272803A8002FD96F /* ContentView.swift */; };
		CEC4F373272803AA002FD96F /* Assets.xcassets in Resources */ = {isa = PBXBuildFile; fileRef = CEC4F372272803AA002FD96F /* Assets.xcassets */; };
		CEC4F376272803AA002FD96F /* Preview Assets.xcassets in Resources */ = {isa = PBXBuildFile; fileRef = CEC4F375272803AA002FD96F /* Preview Assets.xcassets */; };
		CEC4F3832728052D002FD96F /* XcodeCloudeTestsUITests.swift in Sources */ = {isa = PBXBuildFile; fileRef = CEC4F3822728052D002FD96F /* XcodeCloudeTestsUITests.swift */; };
		CEC4F3852728052D002FD96F /* XcodeCloudeTestsUITestsLaunchTests.swift in Sources */ = {isa = PBXBuildFile; fileRef = CEC4F3842728052D002FD96F /* XcodeCloudeTestsUITestsLaunchTests.swift */; };
		CEC4F38C2728058A002FD96F /* Managers.swift in Sources */ = {isa = PBXBuildFile; fileRef = CEC4F38B2728058A002FD96F /* Managers.swift */; };
		CEC4F38E272805E8002FD96F /* UserInterface.swift in Sources */ = {isa = PBXBuildFile; fileRef = CEC4F38D272805E8002FD96F /* UserInterface.swift */; };
		CEC4F38F272805EF002FD96F /* UserInterface.swift in Sources */ = {isa = PBXBuildFile; fileRef = CEC4F38D272805E8002FD96F /* UserInterface.swift */; };
		CEC4F391272805FE002FD96F /* UITestFiles.swift in Sources */ = {isa = PBXBuildFile; fileRef = CEC4F390272805FE002FD96F /* UITestFiles.swift */; };
/* End PBXBuildFile section */

/* Begin PBXContainerItemProxy section */
		CEC4F3862728052D002FD96F /* PBXContainerItemProxy */ = {
			isa = PBXContainerItemProxy;
			containerPortal = CEC4F363272803A8002FD96F /* Project object */;
			proxyType = 1;
			remoteGlobalIDString = CEC4F36A272803A8002FD96F;
			remoteInfo = XcodeCloudeTests;
		};
/* End PBXContainerItemProxy section */

/* Begin PBXFileReference section */
		CEC4F36B272803A8002FD96F /* XcodeCloudeTests.app */ = {isa = PBXFileReference; explicitFileType = wrapper.application; includeInIndex = 0; path = XcodeCloudeTests.app; sourceTree = BUILT_PRODUCTS_DIR; };
		CEC4F36E272803A8002FD96F /* XcodeCloudeTestsApp.swift */ = {isa = PBXFileReference; lastKnownFileType = sourcecode.swift; path = XcodeCloudeTestsApp.swift; sourceTree = "<group>"; };
		CEC4F370272803A8002FD96F /* ContentView.swift */ = {isa = PBXFileReference; lastKnownFileType = sourcecode.swift; path = ContentView.swift; sourceTree = "<group>"; };
		CEC4F372272803AA002FD96F /* Assets.xcassets */ = {isa = PBXFileReference; lastKnownFileType = folder.assetcatalog; path = Assets.xcassets; sourceTree = "<group>"; };
		CEC4F375272803AA002FD96F /* Preview Assets.xcassets */ = {isa = PBXFileReference; lastKnownFileType = folder.assetcatalog; path = "Preview Assets.xcassets"; sourceTree = "<group>"; };
		CEC4F3802728052D002FD96F /* XcodeCloudeTestsUITests.xctest */ = {isa = PBXFileReference; explicitFileType = wrapper.cfbundle; includeInIndex = 0; path = XcodeCloudeTestsUITests.xctest; sourceTree = BUILT_PRODUCTS_DIR; };
		CEC4F3822728052D002FD96F /* XcodeCloudeTestsUITests.swift */ = {isa = PBXFileReference; lastKnownFileType = sourcecode.swift; path = XcodeCloudeTestsUITests.swift; sourceTree = "<group>"; };
		CEC4F3842728052D002FD96F /* XcodeCloudeTestsUITestsLaunchTests.swift */ = {isa = PBXFileReference; lastKnownFileType = sourcecode.swift; path = XcodeCloudeTestsUITestsLaunchTests.swift; sourceTree = "<group>"; };
		CEC4F38B2728058A002FD96F /* Managers.swift */ = {isa = PBXFileReference; lastKnownFileType = sourcecode.swift; path = Managers.swift; sourceTree = "<group>"; };
		CEC4F38D272805E8002FD96F /* UserInterface.swift */ = {isa = PBXFileReference; lastKnownFileType = sourcecode.swift; path = UserInterface.swift; sourceTree = "<group>"; };
		CEC4F390272805FE002FD96F /* UITestFiles.swift */ = {isa = PBXFileReference; lastKnownFileType = sourcecode.swift; path = UITestFiles.swift; sourceTree = "<group>"; };
		CEC4F39927280C99002FD96F /* UITestPlan.xctestplan */ = {isa = PBXFileReference; lastKnownFileType = text; path = UITestPlan.xctestplan; sourceTree = "<group>"; };
/* End PBXFileReference section */

/* Begin PBXFrameworksBuildPhase section */
		CEC4F368272803A8002FD96F /* Frameworks */ = {
			isa = PBXFrameworksBuildPhase;
			buildActionMask = 2147483647;
			files = (
			);
			runOnlyForDeploymentPostprocessing = 0;
		};
		CEC4F37D2728052D002FD96F /* Frameworks */ = {
			isa = PBXFrameworksBuildPhase;
			buildActionMask = 2147483647;
			files = (
			);
			runOnlyForDeploymentPostprocessing = 0;
		};
/* End PBXFrameworksBuildPhase section */

/* Begin PBXGroup section */
		CEC4F362272803A8002FD96F = {
			isa = PBXGroup;
			children = (
				CEC4F39927280C99002FD96F /* UITestPlan.xctestplan */,
				CEC4F36D272803A8002FD96F /* XcodeCloudeTests */,
				CEC4F3812728052D002FD96F /* XcodeCloudeTestsUITests */,
				CEC4F36C272803A8002FD96F /* Products */,
			);
			sourceTree = "<group>";
		};
		CEC4F36C272803A8002FD96F /* Products */ = {
			isa = PBXGroup;
			children = (
				CEC4F36B272803A8002FD96F /* XcodeCloudeTests.app */,
				CEC4F3802728052D002FD96F /* XcodeCloudeTestsUITests.xctest */,
			);
			name = Products;
			sourceTree = "<group>";
		};
		CEC4F36D272803A8002FD96F /* XcodeCloudeTests */ = {
			isa = PBXGroup;
			children = (
				CEC4F36E272803A8002FD96F /* XcodeCloudeTestsApp.swift */,
				CEC4F370272803A8002FD96F /* ContentView.swift */,
				CEC4F38B2728058A002FD96F /* Managers.swift */,
				CEC4F38D272805E8002FD96F /* UserInterface.swift */,
				CEC4F372272803AA002FD96F /* Assets.xcassets */,
				CEC4F374272803AA002FD96F /* Preview Content */,
			);
			path = XcodeCloudeTests;
			sourceTree = "<group>";
		};
		CEC4F374272803AA002FD96F /* Preview Content */ = {
			isa = PBXGroup;
			children = (
				CEC4F375272803AA002FD96F /* Preview Assets.xcassets */,
			);
			path = "Preview Content";
			sourceTree = "<group>";
		};
		CEC4F3812728052D002FD96F /* XcodeCloudeTestsUITests */ = {
			isa = PBXGroup;
			children = (
				CEC4F3822728052D002FD96F /* XcodeCloudeTestsUITests.swift */,
				CEC4F3842728052D002FD96F /* XcodeCloudeTestsUITestsLaunchTests.swift */,
				CEC4F390272805FE002FD96F /* UITestFiles.swift */,
			);
			path = XcodeCloudeTestsUITests;
			sourceTree = "<group>";
		};
/* End PBXGroup section */

/* Begin PBXNativeTarget section */
		CEC4F36A272803A8002FD96F /* XcodeCloudeTests */ = {
			isa = PBXNativeTarget;
			buildConfigurationList = CEC4F379272803AA002FD96F /* Build configuration list for PBXNativeTarget "XcodeCloudeTests" */;
			buildPhases = (
				CEC4F367272803A8002FD96F /* Sources */,
				CEC4F368272803A8002FD96F /* Frameworks */,
				CEC4F369272803A8002FD96F /* Resources */,
			);
			buildRules = (
			);
			dependencies = (
			);
			name = XcodeCloudeTests;
			productName = XcodeCloudeTests;
			productReference = CEC4F36B272803A8002FD96F /* XcodeCloudeTests.app */;
			productType = "com.apple.product-type.application";
		};
		CEC4F37F2728052D002FD96F /* XcodeCloudeTestsUITests */ = {
			isa = PBXNativeTarget;
			buildConfigurationList = CEC4F3882728052D002FD96F /* Build configuration list for PBXNativeTarget "XcodeCloudeTestsUITests" */;
			buildPhases = (
				CEC4F37C2728052D002FD96F /* Sources */,
				CEC4F37D2728052D002FD96F /* Frameworks */,
				CEC4F37E2728052D002FD96F /* Resources */,
			);
			buildRules = (
			);
			dependencies = (
				CEC4F3872728052D002FD96F /* PBXTargetDependency */,
			);
			name = XcodeCloudeTestsUITests;
			productName = XcodeCloudeTestsUITests;
			productReference = CEC4F3802728052D002FD96F /* XcodeCloudeTestsUITests.xctest */;
			productType = "com.apple.product-type.bundle.ui-testing";
		};
/* End PBXNativeTarget section */

/* Begin PBXProject section */
		CEC4F363272803A8002FD96F /* Project object */ = {
			isa = PBXProject;
			attributes = {
				BuildIndependentTargetsInParallel = 1;
				LastSwiftUpdateCheck = 1300;
				LastUpgradeCheck = 1300;
				TargetAttributes = {
					CEC4F36A272803A8002FD96F = {
						CreatedOnToolsVersion = 13.0;
					};
					CEC4F37F2728052D002FD96F = {
						CreatedOnToolsVersion = 13.0;
						TestTargetID = CEC4F36A272803A8002FD96F;
					};
				};
			};
			buildConfigurationList = CEC4F366272803A8002FD96F /* Build configuration list for PBXProject "XcodeCloudeTests" */;
			compatibilityVersion = "Xcode 13.0";
			developmentRegion = en;
			hasScannedForEncodings = 0;
			knownRegions = (
				en,
				Base,
			);
			mainGroup = CEC4F362272803A8002FD96F;
			productRefGroup = CEC4F36C272803A8002FD96F /* Products */;
			projectDirPath = "";
			projectRoot = "";
			targets = (
				CEC4F36A272803A8002FD96F /* XcodeCloudeTests */,
				CEC4F37F2728052D002FD96F /* XcodeCloudeTestsUITests */,
			);
		};
/* End PBXProject section */

/* Begin PBXResourcesBuildPhase section */
		CEC4F369272803A8002FD96F /* Resources */ = {
			isa = PBXResourcesBuildPhase;
			buildActionMask = 2147483647;
			files = (
				CEC4F376272803AA002FD96F /* Preview Assets.xcassets in Resources */,
				CEC4F373272803AA002FD96F /* Assets.xcassets in Resources */,
			);
			runOnlyForDeploymentPostprocessing = 0;
		};
		CEC4F37E2728052D002FD96F /* Resources */ = {
			isa = PBXResourcesBuildPhase;
			buildActionMask = 2147483647;
			files = (
			);
			runOnlyForDeploymentPostprocessing = 0;
		};
/* End PBXResourcesBuildPhase section */

/* Begin PBXSourcesBuildPhase section */
		CEC4F367272803A8002FD96F /* Sources */ = {
			isa = PBXSourcesBuildPhase;
			buildActionMask = 2147483647;
			files = (
				CEC4F371272803A8002FD96F /* ContentView.swift in Sources */,
				CEC4F36F272803A8002FD96F /* XcodeCloudeTestsApp.swift in Sources */,
				CEC4F38E272805E8002FD96F /* UserInterface.swift in Sources */,
				CEC4F38C2728058A002FD96F /* Managers.swift in Sources */,
			);
			runOnlyForDeploymentPostprocessing = 0;
		};
		CEC4F37C2728052D002FD96F /* Sources */ = {
			isa = PBXSourcesBuildPhase;
			buildActionMask = 2147483647;
			files = (
				CEC4F3852728052D002FD96F /* XcodeCloudeTestsUITestsLaunchTests.swift in Sources */,
				CEC4F391272805FE002FD96F /* UITestFiles.swift in Sources */,
				CEC4F38F272805EF002FD96F /* UserInterface.swift in Sources */,
				CEC4F3832728052D002FD96F /* XcodeCloudeTestsUITests.swift in Sources */,
			);
			runOnlyForDeploymentPostprocessing = 0;
		};
/* End PBXSourcesBuildPhase section */

/* Begin PBXTargetDependency section */
		CEC4F3872728052D002FD96F /* PBXTargetDependency */ = {
			isa = PBXTargetDependency;
			target = CEC4F36A272803A8002FD96F /* XcodeCloudeTests */;
			targetProxy = CEC4F3862728052D002FD96F /* PBXContainerItemProxy */;
		};
/* End PBXTargetDependency section */

/* Begin XCBuildConfiguration section */
		CEC4F377272803AA002FD96F /* Debug */ = {
			isa = XCBuildConfiguration;
			buildSettings = {
				ALWAYS_SEARCH_USER_PATHS = NO;
				CLANG_ANALYZER_NONNULL = YES;
				CLANG_ANALYZER_NUMBER_OBJECT_CONVERSION = YES_AGGRESSIVE;
				CLANG_CXX_LANGUAGE_STANDARD = "gnu++17";
				CLANG_CXX_LIBRARY = "libc++";
				CLANG_ENABLE_MODULES = YES;
				CLANG_ENABLE_OBJC_ARC = YES;
				CLANG_ENABLE_OBJC_WEAK = YES;
				CLANG_WARN_BLOCK_CAPTURE_AUTORELEASING = YES;
				CLANG_WARN_BOOL_CONVERSION = YES;
				CLANG_WARN_COMMA = YES;
				CLANG_WARN_CONSTANT_CONVERSION = YES;
				CLANG_WARN_DEPRECATED_OBJC_IMPLEMENTATIONS = YES;
				CLANG_WARN_DIRECT_OBJC_ISA_USAGE = YES_ERROR;
				CLANG_WARN_DOCUMENTATION_COMMENTS = YES;
				CLANG_WARN_EMPTY_BODY = YES;
				CLANG_WARN_ENUM_CONVERSION = YES;
				CLANG_WARN_INFINITE_RECURSION = YES;
				CLANG_WARN_INT_CONVERSION = YES;
				CLANG_WARN_NON_LITERAL_NULL_CONVERSION = YES;
				CLANG_WARN_OBJC_IMPLICIT_RETAIN_SELF = YES;
				CLANG_WARN_OBJC_LITERAL_CONVERSION = YES;
				CLANG_WARN_OBJC_ROOT_CLASS = YES_ERROR;
				CLANG_WARN_QUOTED_INCLUDE_IN_FRAMEWORK_HEADER = YES;
				CLANG_WARN_RANGE_LOOP_ANALYSIS = YES;
				CLANG_WARN_STRICT_PROTOTYPES = YES;
				CLANG_WARN_SUSPICIOUS_MOVE = YES;
				CLANG_WARN_UNGUARDED_AVAILABILITY = YES_AGGRESSIVE;
				CLANG_WARN_UNREACHABLE_CODE = YES;
				CLANG_WARN__DUPLICATE_METHOD_MATCH = YES;
				COPY_PHASE_STRIP = NO;
				DEBUG_INFORMATION_FORMAT = dwarf;
				ENABLE_STRICT_OBJC_MSGSEND = YES;
				ENABLE_TESTABILITY = YES;
				GCC_C_LANGUAGE_STANDARD = gnu11;
				GCC_DYNAMIC_NO_PIC = NO;
				GCC_NO_COMMON_BLOCKS = YES;
				GCC_OPTIMIZATION_LEVEL = 0;
				GCC_PREPROCESSOR_DEFINITIONS = (
					"DEBUG=1",
					"$(inherited)",
				);
				GCC_WARN_64_TO_32_BIT_CONVERSION = YES;
				GCC_WARN_ABOUT_RETURN_TYPE = YES_ERROR;
				GCC_WARN_UNDECLARED_SELECTOR = YES;
				GCC_WARN_UNINITIALIZED_AUTOS = YES_AGGRESSIVE;
				GCC_WARN_UNUSED_FUNCTION = YES;
				GCC_WARN_UNUSED_VARIABLE = YES;
				IPHONEOS_DEPLOYMENT_TARGET = 15.0;
				MTL_ENABLE_DEBUG_INFO = INCLUDE_SOURCE;
				MTL_FAST_MATH = YES;
				ONLY_ACTIVE_ARCH = YES;
				SDKROOT = iphoneos;
				SWIFT_ACTIVE_COMPILATION_CONDITIONS = DEBUG;
				SWIFT_OPTIMIZATION_LEVEL = "-Onone";
			};
			name = Debug;
		};
		CEC4F378272803AA002FD96F /* Release */ = {
			isa = XCBuildConfiguration;
			buildSettings = {
				ALWAYS_SEARCH_USER_PATHS = NO;
				CLANG_ANALYZER_NONNULL = YES;
				CLANG_ANALYZER_NUMBER_OBJECT_CONVERSION = YES_AGGRESSIVE;
				CLANG_CXX_LANGUAGE_STANDARD = "gnu++17";
				CLANG_CXX_LIBRARY = "libc++";
				CLANG_ENABLE_MODULES = YES;
				CLANG_ENABLE_OBJC_ARC = YES;
				CLANG_ENABLE_OBJC_WEAK = YES;
				CLANG_WARN_BLOCK_CAPTURE_AUTORELEASING = YES;
				CLANG_WARN_BOOL_CONVERSION = YES;
				CLANG_WARN_COMMA = YES;
				CLANG_WARN_CONSTANT_CONVERSION = YES;
				CLANG_WARN_DEPRECATED_OBJC_IMPLEMENTATIONS = YES;
				CLANG_WARN_DIRECT_OBJC_ISA_USAGE = YES_ERROR;
				CLANG_WARN_DOCUMENTATION_COMMENTS = YES;
				CLANG_WARN_EMPTY_BODY = YES;
				CLANG_WARN_ENUM_CONVERSION = YES;
				CLANG_WARN_INFINITE_RECURSION = YES;
				CLANG_WARN_INT_CONVERSION = YES;
				CLANG_WARN_NON_LITERAL_NULL_CONVERSION = YES;
				CLANG_WARN_OBJC_IMPLICIT_RETAIN_SELF = YES;
				CLANG_WARN_OBJC_LITERAL_CONVERSION = YES;
				CLANG_WARN_OBJC_ROOT_CLASS = YES_ERROR;
				CLANG_WARN_QUOTED_INCLUDE_IN_FRAMEWORK_HEADER = YES;
				CLANG_WARN_RANGE_LOOP_ANALYSIS = YES;
				CLANG_WARN_STRICT_PROTOTYPES = YES;
				CLANG_WARN_SUSPICIOUS_MOVE = YES;
				CLANG_WARN_UNGUARDED_AVAILABILITY = YES_AGGRESSIVE;
				CLANG_WARN_UNREACHABLE_CODE = YES;
				CLANG_WARN__DUPLICATE_METHOD_MATCH = YES;
				COPY_PHASE_STRIP = NO;
				DEBUG_INFORMATION_FORMAT = "dwarf-with-dsym";
				ENABLE_NS_ASSERTIONS = NO;
				ENABLE_STRICT_OBJC_MSGSEND = YES;
				GCC_C_LANGUAGE_STANDARD = gnu11;
				GCC_NO_COMMON_BLOCKS = YES;
				GCC_WARN_64_TO_32_BIT_CONVERSION = YES;
				GCC_WARN_ABOUT_RETURN_TYPE = YES_ERROR;
				GCC_WARN_UNDECLARED_SELECTOR = YES;
				GCC_WARN_UNINITIALIZED_AUTOS = YES_AGGRESSIVE;
				GCC_WARN_UNUSED_FUNCTION = YES;
				GCC_WARN_UNUSED_VARIABLE = YES;
				IPHONEOS_DEPLOYMENT_TARGET = 15.0;
				MTL_ENABLE_DEBUG_INFO = NO;
				MTL_FAST_MATH = YES;
				SDKROOT = iphoneos;
				SWIFT_COMPILATION_MODE = wholemodule;
				SWIFT_OPTIMIZATION_LEVEL = "-O";
				VALIDATE_PRODUCT = YES;
			};
			name = Release;
		};
		CEC4F37A272803AA002FD96F /* Debug */ = {
			isa = XCBuildConfiguration;
			buildSettings = {
				ASSETCATALOG_COMPILER_APPICON_NAME = AppIcon;
				ASSETCATALOG_COMPILER_GLOBAL_ACCENT_COLOR_NAME = AccentColor;
				CODE_SIGN_STYLE = Automatic;
				CURRENT_PROJECT_VERSION = 1;
				DEVELOPMENT_ASSET_PATHS = "\"XcodeCloudeTests/Preview Content\"";
				DEVELOPMENT_TEAM = RKV664A9KV;
				ENABLE_PREVIEWS = YES;
				GENERATE_INFOPLIST_FILE = YES;
				INFOPLIST_KEY_UIApplicationSceneManifest_Generation = YES;
				INFOPLIST_KEY_UIApplicationSupportsIndirectInputEvents = YES;
				INFOPLIST_KEY_UILaunchScreen_Generation = YES;
				INFOPLIST_KEY_UISupportedInterfaceOrientations_iPad = "UIInterfaceOrientationPortrait UIInterfaceOrientationPortraitUpsideDown UIInterfaceOrientationLandscapeLeft UIInterfaceOrientationLandscapeRight";
				INFOPLIST_KEY_UISupportedInterfaceOrientations_iPhone = "UIInterfaceOrientationPortrait UIInterfaceOrientationLandscapeLeft UIInterfaceOrientationLandscapeRight";
				IPHONEOS_DEPLOYMENT_TARGET = 14.0;
				LD_RUNPATH_SEARCH_PATHS = (
					"$(inherited)",
					"@executable_path/Frameworks",
				);
				MARKETING_VERSION = 1.0;
				PRODUCT_BUNDLE_IDENTIFIER = com.griffnee.test1.XcodeCloudeTests;
				PRODUCT_NAME = "$(TARGET_NAME)";
				SWIFT_EMIT_LOC_STRINGS = YES;
				SWIFT_VERSION = 5.0;
				TARGETED_DEVICE_FAMILY = "1,2";
			};
			name = Debug;
		};
		CEC4F37B272803AA002FD96F /* Release */ = {
			isa = XCBuildConfiguration;
			buildSettings = {
				ASSETCATALOG_COMPILER_APPICON_NAME = AppIcon;
				ASSETCATALOG_COMPILER_GLOBAL_ACCENT_COLOR_NAME = AccentColor;
				CODE_SIGN_STYLE = Automatic;
				CURRENT_PROJECT_VERSION = 1;
				DEVELOPMENT_ASSET_PATHS = "\"XcodeCloudeTests/Preview Content\"";
				DEVELOPMENT_TEAM = RKV664A9KV;
				ENABLE_PREVIEWS = YES;
				GENERATE_INFOPLIST_FILE = YES;
				INFOPLIST_KEY_UIApplicationSceneManifest_Generation = YES;
				INFOPLIST_KEY_UIApplicationSupportsIndirectInputEvents = YES;
				INFOPLIST_KEY_UILaunchScreen_Generation = YES;
				INFOPLIST_KEY_UISupportedInterfaceOrientations_iPad = "UIInterfaceOrientationPortrait UIInterfaceOrientationPortraitUpsideDown UIInterfaceOrientationLandscapeLeft UIInterfaceOrientationLandscapeRight";
				INFOPLIST_KEY_UISupportedInterfaceOrientations_iPhone = "UIInterfaceOrientationPortrait UIInterfaceOrientationLandscapeLeft UIInterfaceOrientationLandscapeRight";
				IPHONEOS_DEPLOYMENT_TARGET = 14.0;
				LD_RUNPATH_SEARCH_PATHS = (
					"$(inherited)",
					"@executable_path/Frameworks",
				);
				MARKETING_VERSION = 1.0;
				PRODUCT_BUNDLE_IDENTIFIER = com.griffnee.test1.XcodeCloudeTests;
				PRODUCT_NAME = "$(TARGET_NAME)";
				SWIFT_EMIT_LOC_STRINGS = YES;
				SWIFT_VERSION = 5.0;
				TARGETED_DEVICE_FAMILY = "1,2";
			};
			name = Release;
		};
		CEC4F3892728052D002FD96F /* Debug */ = {
			isa = XCBuildConfiguration;
			buildSettings = {
				CODE_SIGN_STYLE = Automatic;
				CURRENT_PROJECT_VERSION = 1;
				DEVELOPMENT_TEAM = RKV664A9KV;
				GENERATE_INFOPLIST_FILE = YES;
				LD_RUNPATH_SEARCH_PATHS = (
					"$(inherited)",
					"@executable_path/Frameworks",
					"@loader_path/Frameworks",
				);
				MARKETING_VERSION = 1.0;
				PRODUCT_BUNDLE_IDENTIFIER = com.griffnee.test1.XcodeCloudeTestsUITests;
				PRODUCT_NAME = "$(TARGET_NAME)";
				SWIFT_EMIT_LOC_STRINGS = NO;
				SWIFT_VERSION = 5.0;
				TARGETED_DEVICE_FAMILY = "1,2";
				TEST_TARGET_NAME = XcodeCloudeTests;
			};
			name = Debug;
		};
		CEC4F38A2728052D002FD96F /* Release */ = {
			isa = XCBuildConfiguration;
			buildSettings = {
				CODE_SIGN_STYLE = Automatic;
				CURRENT_PROJECT_VERSION = 1;
				DEVELOPMENT_TEAM = RKV664A9KV;
				GENERATE_INFOPLIST_FILE = YES;
				LD_RUNPATH_SEARCH_PATHS = (
					"$(inherited)",
					"@executable_path/Frameworks",
					"@loader_path/Frameworks",
				);
				MARKETING_VERSION = 1.0;
				PRODUCT_BUNDLE_IDENTIFIER = com.griffnee.test1.XcodeCloudeTestsUITests;
				PRODUCT_NAME = "$(TARGET_NAME)";
				SWIFT_EMIT_LOC_STRINGS = NO;
				SWIFT_VERSION = 5.0;
				TARGETED_DEVICE_FAMILY = "1,2";
				TEST_TARGET_NAME = XcodeCloudeTests;
			};
			name = Release;
		};
/* End XCBuildConfiguration section */

/* Begin XCConfigurationList section */
		CEC4F366272803A8002FD96F /* Build configuration list for PBXProject "XcodeCloudeTests" */ = {
			isa = XCConfigurationList;
			buildConfigurations = (
				CEC4F377272803AA002FD96F /* Debug */,
				CEC4F378272803AA002FD96F /* Release */,
			);
			defaultConfigurationIsVisible = 0;
			defaultConfigurationName = Release;
		};
		CEC4F379272803AA002FD96F /* Build configuration list for PBXNativeTarget "XcodeCloudeTests" */ = {
			isa = XCConfigurationList;
			buildConfigurations = (
				CEC4F37A272803AA002FD96F /* Debug */,
				CEC4F37B272803AA002FD96F /* Release */,
			);
			defaultConfigurationIsVisible = 0;
			defaultConfigurationName = Release;
		};
		CEC4F3882728052D002FD96F /* Build configuration list for PBXNativeTarget "XcodeCloudeTestsUITests" */ = {
			isa = XCConfigurationList;
			buildConfigurations = (
				CEC4F3892728052D002FD96F /* Debug */,
				CEC4F38A2728052D002FD96F /* Release */,
			);
			defaultConfigurationIsVisible = 0;
			defaultConfigurationName = Release;
		};
/* End XCConfigurationList section */
	};
	rootObject = CEC4F363272803A8002FD96F /* Project object */;
}
